// !$*UTF8*$!
{
	archiveVersion = 1;
	classes = {
	};
	objectVersion = 48;
	objects = {

/* Begin PBXBuildFile section */
		3251D24D2045BD2500060884 /* InstagramButton.swift in Sources */ = {isa = PBXBuildFile; fileRef = 3251D24C2045BD2400060884 /* InstagramButton.swift */; };
		3251D2532045BEB600060884 /* TwitterButton.swift in Sources */ = {isa = PBXBuildFile; fileRef = 3251D24E2045BEB500060884 /* TwitterButton.swift */; };
		3251D2542045BEB600060884 /* ShareButton.swift in Sources */ = {isa = PBXBuildFile; fileRef = 3251D24F2045BEB500060884 /* ShareButton.swift */; };
		3251D2552045BEB600060884 /* FacebookButton.swift in Sources */ = {isa = PBXBuildFile; fileRef = 3251D2502045BEB500060884 /* FacebookButton.swift */; };
		3251D2562045BEB600060884 /* CloseButton.swift in Sources */ = {isa = PBXBuildFile; fileRef = 3251D2512045BEB500060884 /* CloseButton.swift */; };
		3251D2572045BEB600060884 /* DribbbleButton.swift in Sources */ = {isa = PBXBuildFile; fileRef = 3251D2522045BEB500060884 /* DribbbleButton.swift */; };
		32C42802203C332000DEF5EC /* AppDelegate.swift in Sources */ = {isa = PBXBuildFile; fileRef = 32C42801203C332000DEF5EC /* AppDelegate.swift */; };
		32C42804203C332000DEF5EC /* ViewController.swift in Sources */ = {isa = PBXBuildFile; fileRef = 32C42803203C332000DEF5EC /* ViewController.swift */; };
		32C42807203C332000DEF5EC /* Main.storyboard in Resources */ = {isa = PBXBuildFile; fileRef = 32C42805203C332000DEF5EC /* Main.storyboard */; };
		32C42809203C332000DEF5EC /* Assets.xcassets in Resources */ = {isa = PBXBuildFile; fileRef = 32C42808203C332000DEF5EC /* Assets.xcassets */; };
		32C4280C203C332000DEF5EC /* LaunchScreen.storyboard in Resources */ = {isa = PBXBuildFile; fileRef = 32C4280A203C332000DEF5EC /* LaunchScreen.storyboard */; };
		32C42817203C332000DEF5EC /* SocialShareButtonTests.swift in Sources */ = {isa = PBXBuildFile; fileRef = 32C42816203C332000DEF5EC /* SocialShareButtonTests.swift */; };
		32C42822203C332000DEF5EC /* SocialShareButtonUITests.swift in Sources */ = {isa = PBXBuildFile; fileRef = 32C42821203C332000DEF5EC /* SocialShareButtonUITests.swift */; };
		32C42831203C361000DEF5EC /* UIView+Extensions.swift in Sources */ = {isa = PBXBuildFile; fileRef = 32C42830203C361000DEF5EC /* UIView+Extensions.swift */; };
		32C42833203C367500DEF5EC /* UIColor+Extensions.swift in Sources */ = {isa = PBXBuildFile; fileRef = 32C42832203C367500DEF5EC /* UIColor+Extensions.swift */; };
/* End PBXBuildFile section */

/* Begin PBXContainerItemProxy section */
		32C42813203C332000DEF5EC /* PBXContainerItemProxy */ = {
			isa = PBXContainerItemProxy;
			containerPortal = 32C427F6203C332000DEF5EC /* Project object */;
			proxyType = 1;
			remoteGlobalIDString = 32C427FD203C332000DEF5EC;
			remoteInfo = SocialShareButton;
		};
		32C4281E203C332000DEF5EC /* PBXContainerItemProxy */ = {
			isa = PBXContainerItemProxy;
			containerPortal = 32C427F6203C332000DEF5EC /* Project object */;
			proxyType = 1;
			remoteGlobalIDString = 32C427FD203C332000DEF5EC;
			remoteInfo = SocialShareButton;
		};
/* End PBXContainerItemProxy section */

/* Begin PBXFileReference section */
		3251D24C2045BD2400060884 /* InstagramButton.swift */ = {isa = PBXFileReference; fileEncoding = 4; lastKnownFileType = sourcecode.swift; path = InstagramButton.swift; sourceTree = "<group>"; };
		3251D24E2045BEB500060884 /* TwitterButton.swift */ = {isa = PBXFileReference; fileEncoding = 4; lastKnownFileType = sourcecode.swift; name = TwitterButton.swift; path = ../../../../Desktop/TwitterButton.swift; sourceTree = "<group>"; };
		3251D24F2045BEB500060884 /* ShareButton.swift */ = {isa = PBXFileReference; fileEncoding = 4; lastKnownFileType = sourcecode.swift; name = ShareButton.swift; path = ../../../../Desktop/ShareButton.swift; sourceTree = "<group>"; };
		3251D2502045BEB500060884 /* FacebookButton.swift */ = {isa = PBXFileReference; fileEncoding = 4; lastKnownFileType = sourcecode.swift; name = FacebookButton.swift; path = ../../../../Desktop/FacebookButton.swift; sourceTree = "<group>"; };
		3251D2512045BEB500060884 /* CloseButton.swift */ = {isa = PBXFileReference; fileEncoding = 4; lastKnownFileType = sourcecode.swift; name = CloseButton.swift; path = ../../../../Desktop/CloseButton.swift; sourceTree = "<group>"; };
		3251D2522045BEB500060884 /* DribbbleButton.swift */ = {isa = PBXFileReference; fileEncoding = 4; lastKnownFileType = sourcecode.swift; name = DribbbleButton.swift; path = ../../../../Desktop/DribbbleButton.swift; sourceTree = "<group>"; };
		32C427FE203C332000DEF5EC /* SocialShareButton.app */ = {isa = PBXFileReference; explicitFileType = wrapper.application; includeInIndex = 0; path = SocialShareButton.app; sourceTree = BUILT_PRODUCTS_DIR; };
		32C42801203C332000DEF5EC /* AppDelegate.swift */ = {isa = PBXFileReference; lastKnownFileType = sourcecode.swift; path = AppDelegate.swift; sourceTree = "<group>"; };
		32C42803203C332000DEF5EC /* ViewController.swift */ = {isa = PBXFileReference; lastKnownFileType = sourcecode.swift; path = ViewController.swift; sourceTree = "<group>"; };
		32C42806203C332000DEF5EC /* Base */ = {isa = PBXFileReference; lastKnownFileType = file.storyboard; name = Base; path = Base.lproj/Main.storyboard; sourceTree = "<group>"; };
		32C42808203C332000DEF5EC /* Assets.xcassets */ = {isa = PBXFileReference; lastKnownFileType = folder.assetcatalog; path = Assets.xcassets; sourceTree = "<group>"; };
		32C4280B203C332000DEF5EC /* Base */ = {isa = PBXFileReference; lastKnownFileType = file.storyboard; name = Base; path = Base.lproj/LaunchScreen.storyboard; sourceTree = "<group>"; };
		32C4280D203C332000DEF5EC /* Info.plist */ = {isa = PBXFileReference; lastKnownFileType = text.plist.xml; path = Info.plist; sourceTree = "<group>"; };
		32C42812203C332000DEF5EC /* SocialShareButtonTests.xctest */ = {isa = PBXFileReference; explicitFileType = wrapper.cfbundle; includeInIndex = 0; path = SocialShareButtonTests.xctest; sourceTree = BUILT_PRODUCTS_DIR; };
		32C42816203C332000DEF5EC /* SocialShareButtonTests.swift */ = {isa = PBXFileReference; lastKnownFileType = sourcecode.swift; path = SocialShareButtonTests.swift; sourceTree = "<group>"; };
		32C42818203C332000DEF5EC /* Info.plist */ = {isa = PBXFileReference; lastKnownFileType = text.plist.xml; path = Info.plist; sourceTree = "<group>"; };
		32C4281D203C332000DEF5EC /* SocialShareButtonUITests.xctest */ = {isa = PBXFileReference; explicitFileType = wrapper.cfbundle; includeInIndex = 0; path = SocialShareButtonUITests.xctest; sourceTree = BUILT_PRODUCTS_DIR; };
		32C42821203C332000DEF5EC /* SocialShareButtonUITests.swift */ = {isa = PBXFileReference; lastKnownFileType = sourcecode.swift; path = SocialShareButtonUITests.swift; sourceTree = "<group>"; };
		32C42823203C332000DEF5EC /* Info.plist */ = {isa = PBXFileReference; lastKnownFileType = text.plist.xml; path = Info.plist; sourceTree = "<group>"; };
		32C42830203C361000DEF5EC /* UIView+Extensions.swift */ = {isa = PBXFileReference; lastKnownFileType = sourcecode.swift; path = "UIView+Extensions.swift"; sourceTree = "<group>"; };
		32C42832203C367500DEF5EC /* UIColor+Extensions.swift */ = {isa = PBXFileReference; lastKnownFileType = sourcecode.swift; path = "UIColor+Extensions.swift"; sourceTree = "<group>"; };
/* End PBXFileReference section */

/* Begin PBXFrameworksBuildPhase section */
		32C427FB203C332000DEF5EC /* Frameworks */ = {
			isa = PBXFrameworksBuildPhase;
			buildActionMask = 2147483647;
			files = (
			);
			runOnlyForDeploymentPostprocessing = 0;
		};
		32C4280F203C332000DEF5EC /* Frameworks */ = {
			isa = PBXFrameworksBuildPhase;
			buildActionMask = 2147483647;
			files = (
			);
			runOnlyForDeploymentPostprocessing = 0;
		};
		32C4281A203C332000DEF5EC /* Frameworks */ = {
			isa = PBXFrameworksBuildPhase;
			buildActionMask = 2147483647;
			files = (
			);
			runOnlyForDeploymentPostprocessing = 0;
		};
/* End PBXFrameworksBuildPhase section */

/* Begin PBXGroup section */
		32C427F5203C332000DEF5EC = {
			isa = PBXGroup;
			children = (
				32C42834203C665500DEF5EC /* View */,
				32C4282F203C35FC00DEF5EC /* Extensions */,
				32C42800203C332000DEF5EC /* SocialShareButton */,
				32C42815203C332000DEF5EC /* SocialShareButtonTests */,
				32C42820203C332000DEF5EC /* SocialShareButtonUITests */,
				32C427FF203C332000DEF5EC /* Products */,
			);
			sourceTree = "<group>";
		};
		32C427FF203C332000DEF5EC /* Products */ = {
			isa = PBXGroup;
			children = (
				32C427FE203C332000DEF5EC /* SocialShareButton.app */,
				32C42812203C332000DEF5EC /* SocialShareButtonTests.xctest */,
				32C4281D203C332000DEF5EC /* SocialShareButtonUITests.xctest */,
			);
			name = Products;
			sourceTree = "<group>";
		};
		32C42800203C332000DEF5EC /* SocialShareButton */ = {
			isa = PBXGroup;
			children = (
				32C42801203C332000DEF5EC /* AppDelegate.swift */,
				32C42803203C332000DEF5EC /* ViewController.swift */,
				32C42805203C332000DEF5EC /* Main.storyboard */,
				32C42808203C332000DEF5EC /* Assets.xcassets */,
				32C4280A203C332000DEF5EC /* LaunchScreen.storyboard */,
				32C4280D203C332000DEF5EC /* Info.plist */,
			);
			path = SocialShareButton;
			sourceTree = "<group>";
		};
		32C42815203C332000DEF5EC /* SocialShareButtonTests */ = {
			isa = PBXGroup;
			children = (
				32C42816203C332000DEF5EC /* SocialShareButtonTests.swift */,
				32C42818203C332000DEF5EC /* Info.plist */,
			);
			path = SocialShareButtonTests;
			sourceTree = "<group>";
		};
		32C42820203C332000DEF5EC /* SocialShareButtonUITests */ = {
			isa = PBXGroup;
			children = (
				32C42821203C332000DEF5EC /* SocialShareButtonUITests.swift */,
				32C42823203C332000DEF5EC /* Info.plist */,
			);
			path = SocialShareButtonUITests;
			sourceTree = "<group>";
		};
		32C4282F203C35FC00DEF5EC /* Extensions */ = {
			isa = PBXGroup;
			children = (
				32C42830203C361000DEF5EC /* UIView+Extensions.swift */,
				32C42832203C367500DEF5EC /* UIColor+Extensions.swift */,
			);
			path = Extensions;
			sourceTree = "<group>";
		};
		32C42834203C665500DEF5EC /* View */ = {
			isa = PBXGroup;
			children = (
				3251D2512045BEB500060884 /* CloseButton.swift */,
				3251D2522045BEB500060884 /* DribbbleButton.swift */,
				3251D2502045BEB500060884 /* FacebookButton.swift */,
				3251D24F2045BEB500060884 /* ShareButton.swift */,
				3251D24E2045BEB500060884 /* TwitterButton.swift */,
				3251D24C2045BD2400060884 /* InstagramButton.swift */,
			);
			path = View;
			sourceTree = "<group>";
		};
/* End PBXGroup section */

/* Begin PBXNativeTarget section */
		32C427FD203C332000DEF5EC /* SocialShareButton */ = {
			isa = PBXNativeTarget;
			buildConfigurationList = 32C42826203C332000DEF5EC /* Build configuration list for PBXNativeTarget "SocialShareButton" */;
			buildPhases = (
				32C427FA203C332000DEF5EC /* Sources */,
				32C427FB203C332000DEF5EC /* Frameworks */,
				32C427FC203C332000DEF5EC /* Resources */,
			);
			buildRules = (
			);
			dependencies = (
			);
			name = SocialShareButton;
			productName = SocialShareButton;
			productReference = 32C427FE203C332000DEF5EC /* SocialShareButton.app */;
			productType = "com.apple.product-type.application";
		};
		32C42811203C332000DEF5EC /* SocialShareButtonTests */ = {
			isa = PBXNativeTarget;
			buildConfigurationList = 32C42829203C332000DEF5EC /* Build configuration list for PBXNativeTarget "SocialShareButtonTests" */;
			buildPhases = (
				32C4280E203C332000DEF5EC /* Sources */,
				32C4280F203C332000DEF5EC /* Frameworks */,
				32C42810203C332000DEF5EC /* Resources */,
			);
			buildRules = (
			);
			dependencies = (
				32C42814203C332000DEF5EC /* PBXTargetDependency */,
			);
			name = SocialShareButtonTests;
			productName = SocialShareButtonTests;
			productReference = 32C42812203C332000DEF5EC /* SocialShareButtonTests.xctest */;
			productType = "com.apple.product-type.bundle.unit-test";
		};
		32C4281C203C332000DEF5EC /* SocialShareButtonUITests */ = {
			isa = PBXNativeTarget;
			buildConfigurationList = 32C4282C203C332000DEF5EC /* Build configuration list for PBXNativeTarget "SocialShareButtonUITests" */;
			buildPhases = (
				32C42819203C332000DEF5EC /* Sources */,
				32C4281A203C332000DEF5EC /* Frameworks */,
				32C4281B203C332000DEF5EC /* Resources */,
			);
			buildRules = (
			);
			dependencies = (
				32C4281F203C332000DEF5EC /* PBXTargetDependency */,
			);
			name = SocialShareButtonUITests;
			productName = SocialShareButtonUITests;
			productReference = 32C4281D203C332000DEF5EC /* SocialShareButtonUITests.xctest */;
			productType = "com.apple.product-type.bundle.ui-testing";
		};
/* End PBXNativeTarget section */

/* Begin PBXProject section */
		32C427F6203C332000DEF5EC /* Project object */ = {
			isa = PBXProject;
			attributes = {
				LastSwiftUpdateCheck = 0920;
				LastUpgradeCheck = 0920;
				ORGANIZATIONNAME = "721 Ltd";
				TargetAttributes = {
					32C427FD203C332000DEF5EC = {
						CreatedOnToolsVersion = 9.2;
						ProvisioningStyle = Automatic;
					};
					32C42811203C332000DEF5EC = {
						CreatedOnToolsVersion = 9.2;
						ProvisioningStyle = Automatic;
						TestTargetID = 32C427FD203C332000DEF5EC;
					};
					32C4281C203C332000DEF5EC = {
						CreatedOnToolsVersion = 9.2;
						ProvisioningStyle = Automatic;
						TestTargetID = 32C427FD203C332000DEF5EC;
					};
				};
			};
			buildConfigurationList = 32C427F9203C332000DEF5EC /* Build configuration list for PBXProject "SocialShareButton" */;
			compatibilityVersion = "Xcode 8.0";
			developmentRegion = en;
			hasScannedForEncodings = 0;
			knownRegions = (
				en,
				Base,
			);
			mainGroup = 32C427F5203C332000DEF5EC;
			productRefGroup = 32C427FF203C332000DEF5EC /* Products */;
			projectDirPath = "";
			projectRoot = "";
			targets = (
				32C427FD203C332000DEF5EC /* SocialShareButton */,
				32C42811203C332000DEF5EC /* SocialShareButtonTests */,
				32C4281C203C332000DEF5EC /* SocialShareButtonUITests */,
			);
		};
/* End PBXProject section */

/* Begin PBXResourcesBuildPhase section */
		32C427FC203C332000DEF5EC /* Resources */ = {
			isa = PBXResourcesBuildPhase;
			buildActionMask = 2147483647;
			files = (
				32C4280C203C332000DEF5EC /* LaunchScreen.storyboard in Resources */,
				32C42809203C332000DEF5EC /* Assets.xcassets in Resources */,
				32C42807203C332000DEF5EC /* Main.storyboard in Resources */,
			);
			runOnlyForDeploymentPostprocessing = 0;
		};
		32C42810203C332000DEF5EC /* Resources */ = {
			isa = PBXResourcesBuildPhase;
			buildActionMask = 2147483647;
			files = (
			);
			runOnlyForDeploymentPostprocessing = 0;
		};
		32C4281B203C332000DEF5EC /* Resources */ = {
			isa = PBXResourcesBuildPhase;
			buildActionMask = 2147483647;
			files = (
			);
			runOnlyForDeploymentPostprocessing = 0;
		};
/* End PBXResourcesBuildPhase section */

/* Begin PBXSourcesBuildPhase section */
		32C427FA203C332000DEF5EC /* Sources */ = {
			isa = PBXSourcesBuildPhase;
			buildActionMask = 2147483647;
			files = (
				3251D2542045BEB600060884 /* ShareButton.swift in Sources */,
				32C42804203C332000DEF5EC /* ViewController.swift in Sources */,
				32C42831203C361000DEF5EC /* UIView+Extensions.swift in Sources */,
				3251D2572045BEB600060884 /* DribbbleButton.swift in Sources */,
				3251D2562045BEB600060884 /* CloseButton.swift in Sources */,
				32C42802203C332000DEF5EC /* AppDelegate.swift in Sources */,
				3251D2532045BEB600060884 /* TwitterButton.swift in Sources */,
				3251D2552045BEB600060884 /* FacebookButton.swift in Sources */,
				32C42833203C367500DEF5EC /* UIColor+Extensions.swift in Sources */,
				3251D24D2045BD2500060884 /* InstagramButton.swift in Sources */,
			);
			runOnlyForDeploymentPostprocessing = 0;
		};
		32C4280E203C332000DEF5EC /* Sources */ = {
			isa = PBXSourcesBuildPhase;
			buildActionMask = 2147483647;
			files = (
				32C42817203C332000DEF5EC /* SocialShareButtonTests.swift in Sources */,
			);
			runOnlyForDeploymentPostprocessing = 0;
		};
		32C42819203C332000DEF5EC /* Sources */ = {
			isa = PBXSourcesBuildPhase;
			buildActionMask = 2147483647;
			files = (
				32C42822203C332000DEF5EC /* SocialShareButtonUITests.swift in Sources */,
			);
			runOnlyForDeploymentPostprocessing = 0;
		};
/* End PBXSourcesBuildPhase section */

/* Begin PBXTargetDependency section */
		32C42814203C332000DEF5EC /* PBXTargetDependency */ = {
			isa = PBXTargetDependency;
			target = 32C427FD203C332000DEF5EC /* SocialShareButton */;
			targetProxy = 32C42813203C332000DEF5EC /* PBXContainerItemProxy */;
		};
		32C4281F203C332000DEF5EC /* PBXTargetDependency */ = {
			isa = PBXTargetDependency;
			target = 32C427FD203C332000DEF5EC /* SocialShareButton */;
			targetProxy = 32C4281E203C332000DEF5EC /* PBXContainerItemProxy */;
		};
/* End PBXTargetDependency section */

/* Begin PBXVariantGroup section */
		32C42805203C332000DEF5EC /* Main.storyboard */ = {
			isa = PBXVariantGroup;
			children = (
				32C42806203C332000DEF5EC /* Base */,
			);
			name = Main.storyboard;
			sourceTree = "<group>";
		};
		32C4280A203C332000DEF5EC /* LaunchScreen.storyboard */ = {
			isa = PBXVariantGroup;
			children = (
				32C4280B203C332000DEF5EC /* Base */,
			);
			name = LaunchScreen.storyboard;
			sourceTree = "<group>";
		};
/* End PBXVariantGroup section */

/* Begin XCBuildConfiguration section */
		32C42824203C332000DEF5EC /* Debug */ = {
			isa = XCBuildConfiguration;
			buildSettings = {
				ALWAYS_SEARCH_USER_PATHS = NO;
				CLANG_ANALYZER_NONNULL = YES;
				CLANG_ANALYZER_NUMBER_OBJECT_CONVERSION = YES_AGGRESSIVE;
				CLANG_CXX_LANGUAGE_STANDARD = "gnu++14";
				CLANG_CXX_LIBRARY = "libc++";
				CLANG_ENABLE_MODULES = YES;
				CLANG_ENABLE_OBJC_ARC = YES;
				CLANG_WARN_BLOCK_CAPTURE_AUTORELEASING = YES;
				CLANG_WARN_BOOL_CONVERSION = YES;
				CLANG_WARN_COMMA = YES;
				CLANG_WARN_CONSTANT_CONVERSION = YES;
				CLANG_WARN_DIRECT_OBJC_ISA_USAGE = YES_ERROR;
				CLANG_WARN_DOCUMENTATION_COMMENTS = YES;
				CLANG_WARN_EMPTY_BODY = YES;
				CLANG_WARN_ENUM_CONVERSION = YES;
				CLANG_WARN_INFINITE_RECURSION = YES;
				CLANG_WARN_INT_CONVERSION = YES;
				CLANG_WARN_NON_LITERAL_NULL_CONVERSION = YES;
				CLANG_WARN_OBJC_LITERAL_CONVERSION = YES;
				CLANG_WARN_OBJC_ROOT_CLASS = YES_ERROR;
				CLANG_WARN_RANGE_LOOP_ANALYSIS = YES;
				CLANG_WARN_STRICT_PROTOTYPES = YES;
				CLANG_WARN_SUSPICIOUS_MOVE = YES;
				CLANG_WARN_UNGUARDED_AVAILABILITY = YES_AGGRESSIVE;
				CLANG_WARN_UNREACHABLE_CODE = YES;
				CLANG_WARN__DUPLICATE_METHOD_MATCH = YES;
				CODE_SIGN_IDENTITY = "iPhone Developer";
				COPY_PHASE_STRIP = NO;
				DEBUG_INFORMATION_FORMAT = dwarf;
				ENABLE_STRICT_OBJC_MSGSEND = YES;
				ENABLE_TESTABILITY = YES;
				GCC_C_LANGUAGE_STANDARD = gnu11;
				GCC_DYNAMIC_NO_PIC = NO;
				GCC_NO_COMMON_BLOCKS = YES;
				GCC_OPTIMIZATION_LEVEL = 0;
				GCC_PREPROCESSOR_DEFINITIONS = (
					"DEBUG=1",
					"$(inherited)",
				);
				GCC_WARN_64_TO_32_BIT_CONVERSION = YES;
				GCC_WARN_ABOUT_RETURN_TYPE = YES_ERROR;
				GCC_WARN_UNDECLARED_SELECTOR = YES;
				GCC_WARN_UNINITIALIZED_AUTOS = YES_AGGRESSIVE;
				GCC_WARN_UNUSED_FUNCTION = YES;
				GCC_WARN_UNUSED_VARIABLE = YES;
				IPHONEOS_DEPLOYMENT_TARGET = 11.2;
				MTL_ENABLE_DEBUG_INFO = YES;
				ONLY_ACTIVE_ARCH = YES;
				SDKROOT = iphoneos;
				SWIFT_ACTIVE_COMPILATION_CONDITIONS = DEBUG;
				SWIFT_OPTIMIZATION_LEVEL = "-Onone";
			};
			name = Debug;
		};
		32C42825203C332000DEF5EC /* Release */ = {
			isa = XCBuildConfiguration;
			buildSettings = {
				ALWAYS_SEARCH_USER_PATHS = NO;
				CLANG_ANALYZER_NONNULL = YES;
				CLANG_ANALYZER_NUMBER_OBJECT_CONVERSION = YES_AGGRESSIVE;
				CLANG_CXX_LANGUAGE_STANDARD = "gnu++14";
				CLANG_CXX_LIBRARY = "libc++";
				CLANG_ENABLE_MODULES = YES;
				CLANG_ENABLE_OBJC_ARC = YES;
				CLANG_WARN_BLOCK_CAPTURE_AUTORELEASING = YES;
				CLANG_WARN_BOOL_CONVERSION = YES;
				CLANG_WARN_COMMA = YES;
				CLANG_WARN_CONSTANT_CONVERSION = YES;
				CLANG_WARN_DIRECT_OBJC_ISA_USAGE = YES_ERROR;
				CLANG_WARN_DOCUMENTATION_COMMENTS = YES;
				CLANG_WARN_EMPTY_BODY = YES;
				CLANG_WARN_ENUM_CONVERSION = YES;
				CLANG_WARN_INFINITE_RECURSION = YES;
				CLANG_WARN_INT_CONVERSION = YES;
				CLANG_WARN_NON_LITERAL_NULL_CONVERSION = YES;
				CLANG_WARN_OBJC_LITERAL_CONVERSION = YES;
				CLANG_WARN_OBJC_ROOT_CLASS = YES_ERROR;
				CLANG_WARN_RANGE_LOOP_ANALYSIS = YES;
				CLANG_WARN_STRICT_PROTOTYPES = YES;
				CLANG_WARN_SUSPICIOUS_MOVE = YES;
				CLANG_WARN_UNGUARDED_AVAILABILITY = YES_AGGRESSIVE;
				CLANG_WARN_UNREACHABLE_CODE = YES;
				CLANG_WARN__DUPLICATE_METHOD_MATCH = YES;
				CODE_SIGN_IDENTITY = "iPhone Developer";
				COPY_PHASE_STRIP = NO;
				DEBUG_INFORMATION_FORMAT = "dwarf-with-dsym";
				ENABLE_NS_ASSERTIONS = NO;
				ENABLE_STRICT_OBJC_MSGSEND = YES;
				GCC_C_LANGUAGE_STANDARD = gnu11;
				GCC_NO_COMMON_BLOCKS = YES;
				GCC_WARN_64_TO_32_BIT_CONVERSION = YES;
				GCC_WARN_ABOUT_RETURN_TYPE = YES_ERROR;
				GCC_WARN_UNDECLARED_SELECTOR = YES;
				GCC_WARN_UNINITIALIZED_AUTOS = YES_AGGRESSIVE;
				GCC_WARN_UNUSED_FUNCTION = YES;
				GCC_WARN_UNUSED_VARIABLE = YES;
				IPHONEOS_DEPLOYMENT_TARGET = 11.2;
				MTL_ENABLE_DEBUG_INFO = NO;
				SDKROOT = iphoneos;
				SWIFT_OPTIMIZATION_LEVEL = "-Owholemodule";
				VALIDATE_PRODUCT = YES;
			};
			name = Release;
		};
		32C42827203C332000DEF5EC /* Debug */ = {
			isa = XCBuildConfiguration;
			buildSettings = {
				ASSETCATALOG_COMPILER_APPICON_NAME = AppIcon;
				CODE_SIGN_STYLE = Automatic;
				DEVELOPMENT_TEAM = 48FWN8V22H;
				INFOPLIST_FILE = SocialShareButton/Info.plist;
				IPHONEOS_DEPLOYMENT_TARGET = 11.0;
				LD_RUNPATH_SEARCH_PATHS = "$(inherited) @executable_path/Frameworks";
				PRODUCT_BUNDLE_IDENTIFIER = com.721.SocialShareButton;
				PRODUCT_NAME = "$(TARGET_NAME)";
				SWIFT_VERSION = 4.0;
				TARGETED_DEVICE_FAMILY = "1,2";
			};
			name = Debug;
		};
		32C42828203C332000DEF5EC /* Release */ = {
			isa = XCBuildConfiguration;
			buildSettings = {
				ASSETCATALOG_COMPILER_APPICON_NAME = AppIcon;
				CODE_SIGN_STYLE = Automatic;
				DEVELOPMENT_TEAM = 48FWN8V22H;
				INFOPLIST_FILE = SocialShareButton/Info.plist;
				IPHONEOS_DEPLOYMENT_TARGET = 11.0;
				LD_RUNPATH_SEARCH_PATHS = "$(inherited) @executable_path/Frameworks";
				PRODUCT_BUNDLE_IDENTIFIER = com.721.SocialShareButton;
				PRODUCT_NAME = "$(TARGET_NAME)";
				SWIFT_VERSION = 4.0;
				TARGETED_DEVICE_FAMILY = "1,2";
			};
			name = Release;
		};
		32C4282A203C332000DEF5EC /* Debug */ = {
			isa = XCBuildConfiguration;
			buildSettings = {
				ALWAYS_EMBED_SWIFT_STANDARD_LIBRARIES = YES;
				BUNDLE_LOADER = "$(TEST_HOST)";
				CODE_SIGN_STYLE = Automatic;
				DEVELOPMENT_TEAM = 48FWN8V22H;
				INFOPLIST_FILE = SocialShareButtonTests/Info.plist;
				LD_RUNPATH_SEARCH_PATHS = "$(inherited) @executable_path/Frameworks @loader_path/Frameworks";
				PRODUCT_BUNDLE_IDENTIFIER = com.721.SocialShareButtonTests;
				PRODUCT_NAME = "$(TARGET_NAME)";
				SWIFT_VERSION = 4.0;
				TARGETED_DEVICE_FAMILY = "1,2";
				TEST_HOST = "$(BUILT_PRODUCTS_DIR)/SocialShareButton.app/SocialShareButton";
			};
			name = Debug;
		};
		32C4282B203C332000DEF5EC /* Release */ = {
			isa = XCBuildConfiguration;
			buildSettings = {
				ALWAYS_EMBED_SWIFT_STANDARD_LIBRARIES = YES;
				BUNDLE_LOADER = "$(TEST_HOST)";
				CODE_SIGN_STYLE = Automatic;
				DEVELOPMENT_TEAM = 48FWN8V22H;
				INFOPLIST_FILE = SocialShareButtonTests/Info.plist;
				LD_RUNPATH_SEARCH_PATHS = "$(inherited) @executable_path/Frameworks @loader_path/Frameworks";
				PRODUCT_BUNDLE_IDENTIFIER = com.721.SocialShareButtonTests;
				PRODUCT_NAME = "$(TARGET_NAME)";
				SWIFT_VERSION = 4.0;
				TARGETED_DEVICE_FAMILY = "1,2";
				TEST_HOST = "$(BUILT_PRODUCTS_DIR)/SocialShareButton.app/SocialShareButton";
			};
			name = Release;
		};
		32C4282D203C332000DEF5EC /* Debug */ = {
			isa = XCBuildConfiguration;
			buildSettings = {
				ALWAYS_EMBED_SWIFT_STANDARD_LIBRARIES = YES;
				CODE_SIGN_STYLE = Automatic;
				DEVELOPMENT_TEAM = 48FWN8V22H;
				INFOPLIST_FILE = SocialShareButtonUITests/Info.plist;
				LD_RUNPATH_SEARCH_PATHS = "$(inherited) @executable_path/Frameworks @loader_path/Frameworks";
				PRODUCT_BUNDLE_IDENTIFIER = com.721.SocialShareButtonUITests;
				PRODUCT_NAME = "$(TARGET_NAME)";
				SWIFT_VERSION = 4.0;
				TARGETED_DEVICE_FAMILY = "1,2";
				TEST_TARGET_NAME = SocialShareButton;
			};
			name = Debug;
		};
		32C4282E203C332000DEF5EC /* Release */ = {
			isa = XCBuildConfiguration;
			buildSettings = {
				ALWAYS_EMBED_SWIFT_STANDARD_LIBRARIES = YES;
				CODE_SIGN_STYLE = Automatic;
				DEVELOPMENT_TEAM = 48FWN8V22H;
				INFOPLIST_FILE = SocialShareButtonUITests/Info.plist;
				LD_RUNPATH_SEARCH_PATHS = "$(inherited) @executable_path/Frameworks @loader_path/Frameworks";
				PRODUCT_BUNDLE_IDENTIFIER = com.721.SocialShareButtonUITests;
				PRODUCT_NAME = "$(TARGET_NAME)";
				SWIFT_VERSION = 4.0;
				TARGETED_DEVICE_FAMILY = "1,2";
				TEST_TARGET_NAME = SocialShareButton;
			};
			name = Release;
		};
/* End XCBuildConfiguration section */

/* Begin XCConfigurationList section */
		32C427F9203C332000DEF5EC /* Build configuration list for PBXProject "SocialShareButton" */ = {
			isa = XCConfigurationList;
			buildConfigurations = (
				32C42824203C332000DEF5EC /* Debug */,
				32C42825203C332000DEF5EC /* Release */,
			);
			defaultConfigurationIsVisible = 0;
			defaultConfigurationName = Release;
		};
		32C42826203C332000DEF5EC /* Build configuration list for PBXNativeTarget "SocialShareButton" */ = {
			isa = XCConfigurationList;
			buildConfigurations = (
				32C42827203C332000DEF5EC /* Debug */,
				32C42828203C332000DEF5EC /* Release */,
			);
			defaultConfigurationIsVisible = 0;
			defaultConfigurationName = Release;
		};
		32C42829203C332000DEF5EC /* Build configuration list for PBXNativeTarget "SocialShareButtonTests" */ = {
			isa = XCConfigurationList;
			buildConfigurations = (
				32C4282A203C332000DEF5EC /* Debug */,
				32C4282B203C332000DEF5EC /* Release */,
			);
			defaultConfigurationIsVisible = 0;
			defaultConfigurationName = Release;
		};
		32C4282C203C332000DEF5EC /* Build configuration list for PBXNativeTarget "SocialShareButtonUITests" */ = {
			isa = XCConfigurationList;
			buildConfigurations = (
				32C4282D203C332000DEF5EC /* Debug */,
				32C4282E203C332000DEF5EC /* Release */,
			);
			defaultConfigurationIsVisible = 0;
			defaultConfigurationName = Release;
		};
/* End XCConfigurationList section */
	};
	rootObject = 32C427F6203C332000DEF5EC /* Project object */;
}
